
Microsoft Visual Studio Solution File, Format Version 12.00
# Visual Studio Version 17
VisualStudioVersion = 17.5.002.0
MinimumVisualStudioVersion = 10.0.40219.1
Project("{9A19103F-16F7-4668-BE54-9A1E7A4F7556}") = "Polidrom2", "Polidrom2\Polidrom2.csproj", "{7F2A32E3-F3E6-48B6-A9FB-E845CFD1236B}"
EndProject
Project("{9A19103F-16F7-4668-BE54-9A1E7A4F7556}") = "Polidrom3", "Polidrom3\Polidrom3.csproj", "{735868AC-66A4-4AAE-8567-D2668A75BFD7}"
EndProject
Project("{9A19103F-16F7-4668-BE54-9A1E7A4F7556}") = "Task_01", "Task_01\Task_01.csproj", "{1D8D3CC0-036B-4BBE-9157-A56E00537056}"
EndProject
Project("{9A19103F-16F7-4668-BE54-9A1E7A4F7556}") = "Task_02", "Task_02\Task_02.csproj", "{ACCD125D-B8B7-4724-A1D6-A46670CE12DA}"
EndProject
Project("{9A19103F-16F7-4668-BE54-9A1E7A4F7556}") = "Task_03", "Task_03\Task_03.csproj", "{95930488-6DB5-45FE-BE0C-D726EF2FC03A}"
EndProject
Project("{9A19103F-16F7-4668-BE54-9A1E7A4F7556}") = "Task_04", "Task_04\Task_04.csproj", "{476E6840-344C-4955-BA85-30A6B81C7950}"
EndProject
Project("{9A19103F-16F7-4668-BE54-9A1E7A4F7556}") = "Task_10", "Task_10\Task_10.csproj", "{DF2D1CC5-23B1-418B-B99F-CE641237F831}"
EndProject
Project("{9A19103F-16F7-4668-BE54-9A1E7A4F7556}") = "Task_13", "Task_13\Task_13.csproj", "{C8B5F62A-9321-4CB0-8A65-9319550B0D89}"
EndProject
Project("{9A19103F-16F7-4668-BE54-9A1E7A4F7556}") = "Task_25", "Task_25\Task_25.csproj", "{EB5CB1BC-F8EF-44C1-BFA4-75E6BB1D6624}"
EndProject
Project("{9A19103F-16F7-4668-BE54-9A1E7A4F7556}") = "Task_27", "Task_27\Task_27.csproj", "{E9DCE838-B324-49F1-9F1F-CFACFD7A705E}"
EndProject
Project("{9A19103F-16F7-4668-BE54-9A1E7A4F7556}") = "Task_29", "Task_29\Task_29.csproj", "{40D85FFD-5941-4385-B9DB-35C207341880}"
EndProject
Project("{9A19103F-16F7-4668-BE54-9A1E7A4F7556}") = "Task_34", "Task_34\Task_34.csproj", "{611F680C-31B4-42AC-82AF-5DAC0025C5F8}"
EndProject
Project("{9A19103F-16F7-4668-BE54-9A1E7A4F7556}") = "Task_36", "Task_36\Task_36.csproj", "{64E672BF-3931-4586-B5E8-B69DF473F911}"
EndProject
Project("{9A19103F-16F7-4668-BE54-9A1E7A4F7556}") = "Task_38", "Task_38\Task_38.csproj", "{C06883D9-8C07-499F-8F09-C23112718E99}"
EndProject
Project("{9A19103F-16F7-4668-BE54-9A1E7A4F7556}") = "Polidrom_01", "Task_Automatic_01\Polidrom_01.csproj", "{E93596EC-7360-42C6-87FC-E7718BA84AE6}"
EndProject
Project("{9A19103F-16F7-4668-BE54-9A1E7A4F7556}") = "Task_Automatic_02", "Task_Automatic_02\Task_Automatic_02.csproj", "{D88D3445-514F-44B0-B0A3-F0977B5CB9EF}"
EndProject
Project("{9A19103F-16F7-4668-BE54-9A1E7A4F7556}") = "Task_Automatic_03", "Task_Automatic_03\Task_Automatic_03.csproj", "{3D7E3880-3E28-4660-BDDB-2712899E60CC}"
EndProject
Global
	GlobalSection(SolutionConfigurationPlatforms) = preSolution
		Debug|Any CPU = Debug|Any CPU
		Release|Any CPU = Release|Any CPU
	EndGlobalSection
	GlobalSection(ProjectConfigurationPlatforms) = postSolution
		{7F2A32E3-F3E6-48B6-A9FB-E845CFD1236B}.Debug|Any CPU.ActiveCfg = Debug|Any CPU
		{7F2A32E3-F3E6-48B6-A9FB-E845CFD1236B}.Debug|Any CPU.Build.0 = Debug|Any CPU
		{7F2A32E3-F3E6-48B6-A9FB-E845CFD1236B}.Release|Any CPU.ActiveCfg = Release|Any CPU
		{7F2A32E3-F3E6-48B6-A9FB-E845CFD1236B}.Release|Any CPU.Build.0 = Release|Any CPU
		{735868AC-66A4-4AAE-8567-D2668A75BFD7}.Debug|Any CPU.ActiveCfg = Debug|Any CPU
		{735868AC-66A4-4AAE-8567-D2668A75BFD7}.Debug|Any CPU.Build.0 = Debug|Any CPU
		{735868AC-66A4-4AAE-8567-D2668A75BFD7}.Release|Any CPU.ActiveCfg = Release|Any CPU
		{735868AC-66A4-4AAE-8567-D2668A75BFD7}.Release|Any CPU.Build.0 = Release|Any CPU
		{1D8D3CC0-036B-4BBE-9157-A56E00537056}.Debug|Any CPU.ActiveCfg = Debug|Any CPU
		{1D8D3CC0-036B-4BBE-9157-A56E00537056}.Debug|Any CPU.Build.0 = Debug|Any CPU
		{1D8D3CC0-036B-4BBE-9157-A56E00537056}.Release|Any CPU.ActiveCfg = Release|Any CPU
		{1D8D3CC0-036B-4BBE-9157-A56E00537056}.Release|Any CPU.Build.0 = Release|Any CPU
		{ACCD125D-B8B7-4724-A1D6-A46670CE12DA}.Debug|Any CPU.ActiveCfg = Debug|Any CPU
		{ACCD125D-B8B7-4724-A1D6-A46670CE12DA}.Debug|Any CPU.Build.0 = Debug|Any CPU
		{ACCD125D-B8B7-4724-A1D6-A46670CE12DA}.Release|Any CPU.ActiveCfg = Release|Any CPU
		{ACCD125D-B8B7-4724-A1D6-A46670CE12DA}.Release|Any CPU.Build.0 = Release|Any CPU
		{95930488-6DB5-45FE-BE0C-D726EF2FC03A}.Debug|Any CPU.ActiveCfg = Debug|Any CPU
		{95930488-6DB5-45FE-BE0C-D726EF2FC03A}.Debug|Any CPU.Build.0 = Debug|Any CPU
		{95930488-6DB5-45FE-BE0C-D726EF2FC03A}.Release|Any CPU.ActiveCfg = Release|Any CPU
		{95930488-6DB5-45FE-BE0C-D726EF2FC03A}.Release|Any CPU.Build.0 = Release|Any CPU
		{476E6840-344C-4955-BA85-30A6B81C7950}.Debug|Any CPU.ActiveCfg = Debug|Any CPU
		{476E6840-344C-4955-BA85-30A6B81C7950}.Debug|Any CPU.Build.0 = Debug|Any CPU
		{476E6840-344C-4955-BA85-30A6B81C7950}.Release|Any CPU.ActiveCfg = Release|Any CPU
		{476E6840-344C-4955-BA85-30A6B81C7950}.Release|Any CPU.Build.0 = Release|Any CPU
		{DF2D1CC5-23B1-418B-B99F-CE641237F831}.Debug|Any CPU.ActiveCfg = Debug|Any CPU
		{DF2D1CC5-23B1-418B-B99F-CE641237F831}.Debug|Any CPU.Build.0 = Debug|Any CPU
		{DF2D1CC5-23B1-418B-B99F-CE641237F831}.Release|Any CPU.ActiveCfg = Release|Any CPU
		{DF2D1CC5-23B1-418B-B99F-CE641237F831}.Release|Any CPU.Build.0 = Release|Any CPU
		{C8B5F62A-9321-4CB0-8A65-9319550B0D89}.Debug|Any CPU.ActiveCfg = Debug|Any CPU
		{C8B5F62A-9321-4CB0-8A65-9319550B0D89}.Debug|Any CPU.Build.0 = Debug|Any CPU
		{C8B5F62A-9321-4CB0-8A65-9319550B0D89}.Release|Any CPU.ActiveCfg = Release|Any CPU
		{C8B5F62A-9321-4CB0-8A65-9319550B0D89}.Release|Any CPU.Build.0 = Release|Any CPU
		{EB5CB1BC-F8EF-44C1-BFA4-75E6BB1D6624}.Debug|Any CPU.ActiveCfg = Debug|Any CPU
		{EB5CB1BC-F8EF-44C1-BFA4-75E6BB1D6624}.Debug|Any CPU.Build.0 = Debug|Any CPU
		{EB5CB1BC-F8EF-44C1-BFA4-75E6BB1D6624}.Release|Any CPU.ActiveCfg = Release|Any CPU
		{EB5CB1BC-F8EF-44C1-BFA4-75E6BB1D6624}.Release|Any CPU.Build.0 = Release|Any CPU
		{E9DCE838-B324-49F1-9F1F-CFACFD7A705E}.Debug|Any CPU.ActiveCfg = Debug|Any CPU
		{E9DCE838-B324-49F1-9F1F-CFACFD7A705E}.Debug|Any CPU.Build.0 = Debug|Any CPU
		{E9DCE838-B324-49F1-9F1F-CFACFD7A705E}.Release|Any CPU.ActiveCfg = Release|Any CPU
		{E9DCE838-B324-49F1-9F1F-CFACFD7A705E}.Release|Any CPU.Build.0 = Release|Any CPU
		{40D85FFD-5941-4385-B9DB-35C207341880}.Debug|Any CPU.ActiveCfg = Debug|Any CPU
		{40D85FFD-5941-4385-B9DB-35C207341880}.Debug|Any CPU.Build.0 = Debug|Any CPU
		{40D85FFD-5941-4385-B9DB-35C207341880}.Release|Any CPU.ActiveCfg = Release|Any CPU
		{40D85FFD-5941-4385-B9DB-35C207341880}.Release|Any CPU.Build.0 = Release|Any CPU
		{611F680C-31B4-42AC-82AF-5DAC0025C5F8}.Debug|Any CPU.ActiveCfg = Debug|Any CPU
		{611F680C-31B4-42AC-82AF-5DAC0025C5F8}.Debug|Any CPU.Build.0 = Debug|Any CPU
		{611F680C-31B4-42AC-82AF-5DAC0025C5F8}.Release|Any CPU.ActiveCfg = Release|Any CPU
		{611F680C-31B4-42AC-82AF-5DAC0025C5F8}.Release|Any CPU.Build.0 = Release|Any CPU
		{64E672BF-3931-4586-B5E8-B69DF473F911}.Debug|Any CPU.ActiveCfg = Debug|Any CPU
		{64E672BF-3931-4586-B5E8-B69DF473F911}.Debug|Any CPU.Build.0 = Debug|Any CPU
		{64E672BF-3931-4586-B5E8-B69DF473F911}.Release|Any CPU.ActiveCfg = Release|Any CPU
		{64E672BF-3931-4586-B5E8-B69DF473F911}.Release|Any CPU.Build.0 = Release|Any CPU
		{C06883D9-8C07-499F-8F09-C23112718E99}.Debug|Any CPU.ActiveCfg = Debug|Any CPU
		{C06883D9-8C07-499F-8F09-C23112718E99}.Debug|Any CPU.Build.0 = Debug|Any CPU
		{C06883D9-8C07-499F-8F09-C23112718E99}.Release|Any CPU.ActiveCfg = Release|Any CPU
		{C06883D9-8C07-499F-8F09-C23112718E99}.Release|Any CPU.Build.0 = Release|Any CPU
		{E93596EC-7360-42C6-87FC-E7718BA84AE6}.Debug|Any CPU.ActiveCfg = Debug|Any CPU
		{E93596EC-7360-42C6-87FC-E7718BA84AE6}.Debug|Any CPU.Build.0 = Debug|Any CPU
		{E93596EC-7360-42C6-87FC-E7718BA84AE6}.Release|Any CPU.ActiveCfg = Release|Any CPU
		{E93596EC-7360-42C6-87FC-E7718BA84AE6}.Release|Any CPU.Build.0 = Release|Any CPU
		{D88D3445-514F-44B0-B0A3-F0977B5CB9EF}.Debug|Any CPU.ActiveCfg = Debug|Any CPU
		{D88D3445-514F-44B0-B0A3-F0977B5CB9EF}.Debug|Any CPU.Build.0 = Debug|Any CPU
		{D88D3445-514F-44B0-B0A3-F0977B5CB9EF}.Release|Any CPU.ActiveCfg = Release|Any CPU
		{D88D3445-514F-44B0-B0A3-F0977B5CB9EF}.Release|Any CPU.Build.0 = Release|Any CPU
		{3D7E3880-3E28-4660-BDDB-2712899E60CC}.Debug|Any CPU.ActiveCfg = Debug|Any CPU
		{3D7E3880-3E28-4660-BDDB-2712899E60CC}.Debug|Any CPU.Build.0 = Debug|Any CPU
		{3D7E3880-3E28-4660-BDDB-2712899E60CC}.Release|Any CPU.ActiveCfg = Release|Any CPU
		{3D7E3880-3E28-4660-BDDB-2712899E60CC}.Release|Any CPU.Build.0 = Release|Any CPU
	EndGlobalSection
	GlobalSection(SolutionProperties) = preSolution
		HideSolutionNode = FALSE
	EndGlobalSection
	GlobalSection(ExtensibilityGlobals) = postSolution
		SolutionGuid = {B67E85F2-770E-4019-9693-0E924D70E932}
	EndGlobalSection
EndGlobal
